
Microsoft Visual Studio Solution File, Format Version 12.00
# Visual Studio Version 17
VisualStudioVersion = 17.6.33829.357
MinimumVisualStudioVersion = 10.0.40219.1
Project("{9A19103F-16F7-4668-BE54-9A1E7A4F7556}") = "Backend", "Backend\Backend.csproj", "{9D50B7E4-A076-4B4A-9429-8AC6B676E77C}"
EndProject
Project("{FAE04EC0-301F-11D3-BF4B-00C04F79EFBC}") = "Backend.UnitTests", "Backend.UnitTests\Backend.UnitTests.csproj", "{D54A4CFF-C28D-44CF-845A-7CADFAF5A9BF}"
EndProject
Global
	GlobalSection(SolutionConfigurationPlatforms) = preSolution
		Debug|Any CPU = Debug|Any CPU
		Release|Any CPU = Release|Any CPU
	EndGlobalSection
	GlobalSection(ProjectConfigurationPlatforms) = postSolution
		{9D50B7E4-A076-4B4A-9429-8AC6B676E77C}.Debug|Any CPU.ActiveCfg = Debug|Any CPU
		{9D50B7E4-A076-4B4A-9429-8AC6B676E77C}.Debug|Any CPU.Build.0 = Debug|Any CPU
		{9D50B7E4-A076-4B4A-9429-8AC6B676E77C}.Release|Any CPU.ActiveCfg = Release|Any CPU
		{9D50B7E4-A076-4B4A-9429-8AC6B676E77C}.Release|Any CPU.Build.0 = Release|Any CPU
		{D54A4CFF-C28D-44CF-845A-7CADFAF5A9BF}.Debug|Any CPU.ActiveCfg = Debug|Any CPU
		{D54A4CFF-C28D-44CF-845A-7CADFAF5A9BF}.Debug|Any CPU.Build.0 = Debug|Any CPU
		{D54A4CFF-C28D-44CF-845A-7CADFAF5A9BF}.Release|Any CPU.ActiveCfg = Release|Any CPU
		{D54A4CFF-C28D-44CF-845A-7CADFAF5A9BF}.Release|Any CPU.Build.0 = Release|Any CPU
	EndGlobalSection
	GlobalSection(SolutionProperties) = preSolution
		HideSolutionNode = FALSE
	EndGlobalSection
	GlobalSection(ExtensibilityGlobals) = postSolution
		SolutionGuid = {DD3FE324-C15F-4E45-8F83-E9362D7E06C4}
	EndGlobalSection
EndGlobal
